// !$*UTF8*$!
{
	archiveVersion = 1;
	classes = {
	};
	objectVersion = 55;
	objects = {

/* Begin PBXBuildFile section */
		0DACD6D7286304CA00008C6E /* AppDelegate.swift in Sources */ = {isa = PBXBuildFile; fileRef = 0DACD6D6286304CA00008C6E /* AppDelegate.swift */; };
		0DACD6D9286304CA00008C6E /* SceneDelegate.swift in Sources */ = {isa = PBXBuildFile; fileRef = 0DACD6D8286304CA00008C6E /* SceneDelegate.swift */; };
		0DACD6DB286304CA00008C6E /* ViewController.swift in Sources */ = {isa = PBXBuildFile; fileRef = 0DACD6DA286304CA00008C6E /* ViewController.swift */; };
		0DACD6DE286304CA00008C6E /* Main.storyboard in Resources */ = {isa = PBXBuildFile; fileRef = 0DACD6DC286304CA00008C6E /* Main.storyboard */; };
		0DACD6E0286304CB00008C6E /* Assets.xcassets in Resources */ = {isa = PBXBuildFile; fileRef = 0DACD6DF286304CB00008C6E /* Assets.xcassets */; };
		0DACD6E3286304CB00008C6E /* LaunchScreen.storyboard in Resources */ = {isa = PBXBuildFile; fileRef = 0DACD6E1286304CB00008C6E /* LaunchScreen.storyboard */; };
		0DACD6EE286304CB00008C6E /* AnthillTests.swift in Sources */ = {isa = PBXBuildFile; fileRef = 0DACD6ED286304CB00008C6E /* AnthillTests.swift */; };
		0DACD6F8286304CB00008C6E /* AnthillUITests.swift in Sources */ = {isa = PBXBuildFile; fileRef = 0DACD6F7286304CB00008C6E /* AnthillUITests.swift */; };
		0DACD6FA286304CB00008C6E /* AnthillUITestsLaunchTests.swift in Sources */ = {isa = PBXBuildFile; fileRef = 0DACD6F9286304CB00008C6E /* AnthillUITestsLaunchTests.swift */; };
		0DACD707286306BB00008C6E /* ServerModel.swift in Sources */ = {isa = PBXBuildFile; fileRef = 0DACD706286306BB00008C6E /* ServerModel.swift */; };
		0DACD70B2863070500008C6E /* SignUpViewController.swift in Sources */ = {isa = PBXBuildFile; fileRef = 0DACD70A2863070500008C6E /* SignUpViewController.swift */; };
		0DACD70E2863071B00008C6E /* AuthView.storyboard in Resources */ = {isa = PBXBuildFile; fileRef = 0DACD70D2863071B00008C6E /* AuthView.storyboard */; };
		0DACD7102863081400008C6E /* SignInViewController.swift in Sources */ = {isa = PBXBuildFile; fileRef = 0DACD70F2863081400008C6E /* SignInViewController.swift */; };
/* End PBXBuildFile section */

/* Begin PBXContainerItemProxy section */
		0DACD6EA286304CB00008C6E /* PBXContainerItemProxy */ = {
			isa = PBXContainerItemProxy;
			containerPortal = 0DACD6CB286304CA00008C6E /* Project object */;
			proxyType = 1;
			remoteGlobalIDString = 0DACD6D2286304CA00008C6E;
			remoteInfo = Anthill;
		};
		0DACD6F4286304CB00008C6E /* PBXContainerItemProxy */ = {
			isa = PBXContainerItemProxy;
			containerPortal = 0DACD6CB286304CA00008C6E /* Project object */;
			proxyType = 1;
			remoteGlobalIDString = 0DACD6D2286304CA00008C6E;
			remoteInfo = Anthill;
		};
/* End PBXContainerItemProxy section */

/* Begin PBXFileReference section */
		0DACD6D3286304CA00008C6E /* Anthill.app */ = {isa = PBXFileReference; explicitFileType = wrapper.application; includeInIndex = 0; path = Anthill.app; sourceTree = BUILT_PRODUCTS_DIR; };
		0DACD6D6286304CA00008C6E /* AppDelegate.swift */ = {isa = PBXFileReference; lastKnownFileType = sourcecode.swift; path = AppDelegate.swift; sourceTree = "<group>"; };
		0DACD6D8286304CA00008C6E /* SceneDelegate.swift */ = {isa = PBXFileReference; lastKnownFileType = sourcecode.swift; path = SceneDelegate.swift; sourceTree = "<group>"; };
		0DACD6DA286304CA00008C6E /* ViewController.swift */ = {isa = PBXFileReference; lastKnownFileType = sourcecode.swift; path = ViewController.swift; sourceTree = "<group>"; };
		0DACD6DD286304CA00008C6E /* Base */ = {isa = PBXFileReference; lastKnownFileType = file.storyboard; name = Base; path = Base.lproj/Main.storyboard; sourceTree = "<group>"; };
		0DACD6DF286304CB00008C6E /* Assets.xcassets */ = {isa = PBXFileReference; lastKnownFileType = folder.assetcatalog; path = Assets.xcassets; sourceTree = "<group>"; };
		0DACD6E2286304CB00008C6E /* Base */ = {isa = PBXFileReference; lastKnownFileType = file.storyboard; name = Base; path = Base.lproj/LaunchScreen.storyboard; sourceTree = "<group>"; };
		0DACD6E4286304CB00008C6E /* Info.plist */ = {isa = PBXFileReference; lastKnownFileType = text.plist.xml; path = Info.plist; sourceTree = "<group>"; };
		0DACD6E9286304CB00008C6E /* AnthillTests.xctest */ = {isa = PBXFileReference; explicitFileType = wrapper.cfbundle; includeInIndex = 0; path = AnthillTests.xctest; sourceTree = BUILT_PRODUCTS_DIR; };
		0DACD6ED286304CB00008C6E /* AnthillTests.swift */ = {isa = PBXFileReference; lastKnownFileType = sourcecode.swift; path = AnthillTests.swift; sourceTree = "<group>"; };
		0DACD6F3286304CB00008C6E /* AnthillUITests.xctest */ = {isa = PBXFileReference; explicitFileType = wrapper.cfbundle; includeInIndex = 0; path = AnthillUITests.xctest; sourceTree = BUILT_PRODUCTS_DIR; };
		0DACD6F7286304CB00008C6E /* AnthillUITests.swift */ = {isa = PBXFileReference; lastKnownFileType = sourcecode.swift; path = AnthillUITests.swift; sourceTree = "<group>"; };
		0DACD6F9286304CB00008C6E /* AnthillUITestsLaunchTests.swift */ = {isa = PBXFileReference; lastKnownFileType = sourcecode.swift; path = AnthillUITestsLaunchTests.swift; sourceTree = "<group>"; };
		0DACD706286306BB00008C6E /* ServerModel.swift */ = {isa = PBXFileReference; lastKnownFileType = sourcecode.swift; path = ServerModel.swift; sourceTree = "<group>"; };
		0DACD70A2863070500008C6E /* SignUpViewController.swift */ = {isa = PBXFileReference; lastKnownFileType = sourcecode.swift; path = SignUpViewController.swift; sourceTree = "<group>"; };
		0DACD70D2863071B00008C6E /* AuthView.storyboard */ = {isa = PBXFileReference; lastKnownFileType = file.storyboard; path = AuthView.storyboard; sourceTree = "<group>"; };
		0DACD70F2863081400008C6E /* SignInViewController.swift */ = {isa = PBXFileReference; lastKnownFileType = sourcecode.swift; path = SignInViewController.swift; sourceTree = "<group>"; };
/* End PBXFileReference section */

/* Begin PBXFrameworksBuildPhase section */
		0DACD6D0286304CA00008C6E /* Frameworks */ = {
			isa = PBXFrameworksBuildPhase;
			buildActionMask = 2147483647;
			files = (
			);
			runOnlyForDeploymentPostprocessing = 0;
		};
		0DACD6E6286304CB00008C6E /* Frameworks */ = {
			isa = PBXFrameworksBuildPhase;
			buildActionMask = 2147483647;
			files = (
			);
			runOnlyForDeploymentPostprocessing = 0;
		};
		0DACD6F0286304CB00008C6E /* Frameworks */ = {
			isa = PBXFrameworksBuildPhase;
			buildActionMask = 2147483647;
			files = (
			);
			runOnlyForDeploymentPostprocessing = 0;
		};
/* End PBXFrameworksBuildPhase section */

/* Begin PBXGroup section */
		0DACD6CA286304CA00008C6E = {
			isa = PBXGroup;
			children = (
				0DACD6D5286304CA00008C6E /* Anthill */,
				0DACD6EC286304CB00008C6E /* AnthillTests */,
				0DACD6F6286304CB00008C6E /* AnthillUITests */,
				0DACD6D4286304CA00008C6E /* Products */,
			);
			sourceTree = "<group>";
		};
		0DACD6D4286304CA00008C6E /* Products */ = {
			isa = PBXGroup;
			children = (
				0DACD6D3286304CA00008C6E /* Anthill.app */,
				0DACD6E9286304CB00008C6E /* AnthillTests.xctest */,
				0DACD6F3286304CB00008C6E /* AnthillUITests.xctest */,
			);
			name = Products;
			sourceTree = "<group>";
		};
		0DACD6D5286304CA00008C6E /* Anthill */ = {
			isa = PBXGroup;
			children = (
				0DACD6D6286304CA00008C6E /* AppDelegate.swift */,
				0DACD706286306BB00008C6E /* ServerModel.swift */,
				0DACD6D8286304CA00008C6E /* SceneDelegate.swift */,
				0DACD70C2863070C00008C6E /* View */,
				0DACD709286306F200008C6E /* ViewController */,
				0DACD6DF286304CB00008C6E /* Assets.xcassets */,
				0DACD6E1286304CB00008C6E /* LaunchScreen.storyboard */,
				0DACD6E4286304CB00008C6E /* Info.plist */,
			);
			path = Anthill;
			sourceTree = "<group>";
		};
		0DACD6EC286304CB00008C6E /* AnthillTests */ = {
			isa = PBXGroup;
			children = (
				0DACD6ED286304CB00008C6E /* AnthillTests.swift */,
			);
			path = AnthillTests;
			sourceTree = "<group>";
		};
		0DACD6F6286304CB00008C6E /* AnthillUITests */ = {
			isa = PBXGroup;
			children = (
				0DACD6F7286304CB00008C6E /* AnthillUITests.swift */,
				0DACD6F9286304CB00008C6E /* AnthillUITestsLaunchTests.swift */,
			);
			path = AnthillUITests;
			sourceTree = "<group>";
		};
		0DACD709286306F200008C6E /* ViewController */ = {
			isa = PBXGroup;
			children = (
				0DACD6DA286304CA00008C6E /* ViewController.swift */,
				0DACD70A2863070500008C6E /* SignUpViewController.swift */,
				0DACD70F2863081400008C6E /* SignInViewController.swift */,
			);
			path = ViewController;
			sourceTree = "<group>";
		};
		0DACD70C2863070C00008C6E /* View */ = {
			isa = PBXGroup;
			children = (
				0DACD6DC286304CA00008C6E /* Main.storyboard */,
				0DACD70D2863071B00008C6E /* AuthView.storyboard */,
			);
			path = View;
			sourceTree = "<group>";
		};
/* End PBXGroup section */

/* Begin PBXNativeTarget section */
		0DACD6D2286304CA00008C6E /* Anthill */ = {
			isa = PBXNativeTarget;
			buildConfigurationList = 0DACD6FD286304CB00008C6E /* Build configuration list for PBXNativeTarget "Anthill" */;
			buildPhases = (
				0DACD6CF286304CA00008C6E /* Sources */,
				0DACD6D0286304CA00008C6E /* Frameworks */,
				0DACD6D1286304CA00008C6E /* Resources */,
			);
			buildRules = (
			);
			dependencies = (
			);
			name = Anthill;
			productName = Anthill;
			productReference = 0DACD6D3286304CA00008C6E /* Anthill.app */;
			productType = "com.apple.product-type.application";
		};
		0DACD6E8286304CB00008C6E /* AnthillTests */ = {
			isa = PBXNativeTarget;
			buildConfigurationList = 0DACD700286304CB00008C6E /* Build configuration list for PBXNativeTarget "AnthillTests" */;
			buildPhases = (
				0DACD6E5286304CB00008C6E /* Sources */,
				0DACD6E6286304CB00008C6E /* Frameworks */,
				0DACD6E7286304CB00008C6E /* Resources */,
			);
			buildRules = (
			);
			dependencies = (
				0DACD6EB286304CB00008C6E /* PBXTargetDependency */,
			);
			name = AnthillTests;
			productName = AnthillTests;
			productReference = 0DACD6E9286304CB00008C6E /* AnthillTests.xctest */;
			productType = "com.apple.product-type.bundle.unit-test";
		};
		0DACD6F2286304CB00008C6E /* AnthillUITests */ = {
			isa = PBXNativeTarget;
			buildConfigurationList = 0DACD703286304CB00008C6E /* Build configuration list for PBXNativeTarget "AnthillUITests" */;
			buildPhases = (
				0DACD6EF286304CB00008C6E /* Sources */,
				0DACD6F0286304CB00008C6E /* Frameworks */,
				0DACD6F1286304CB00008C6E /* Resources */,
			);
			buildRules = (
			);
			dependencies = (
				0DACD6F5286304CB00008C6E /* PBXTargetDependency */,
			);
			name = AnthillUITests;
			productName = AnthillUITests;
			productReference = 0DACD6F3286304CB00008C6E /* AnthillUITests.xctest */;
			productType = "com.apple.product-type.bundle.ui-testing";
		};
/* End PBXNativeTarget section */

/* Begin PBXProject section */
		0DACD6CB286304CA00008C6E /* Project object */ = {
			isa = PBXProject;
			attributes = {
				BuildIndependentTargetsInParallel = 1;
				LastSwiftUpdateCheck = 1330;
				LastUpgradeCheck = 1330;
				TargetAttributes = {
					0DACD6D2286304CA00008C6E = {
						CreatedOnToolsVersion = 13.3.1;
					};
					0DACD6E8286304CB00008C6E = {
						CreatedOnToolsVersion = 13.3.1;
						TestTargetID = 0DACD6D2286304CA00008C6E;
					};
					0DACD6F2286304CB00008C6E = {
						CreatedOnToolsVersion = 13.3.1;
						TestTargetID = 0DACD6D2286304CA00008C6E;
					};
				};
			};
			buildConfigurationList = 0DACD6CE286304CA00008C6E /* Build configuration list for PBXProject "Anthill" */;
			compatibilityVersion = "Xcode 13.0";
			developmentRegion = en;
			hasScannedForEncodings = 0;
			knownRegions = (
				en,
				Base,
			);
			mainGroup = 0DACD6CA286304CA00008C6E;
			productRefGroup = 0DACD6D4286304CA00008C6E /* Products */;
			projectDirPath = "";
			projectRoot = "";
			targets = (
				0DACD6D2286304CA00008C6E /* Anthill */,
				0DACD6E8286304CB00008C6E /* AnthillTests */,
				0DACD6F2286304CB00008C6E /* AnthillUITests */,
			);
		};
/* End PBXProject section */

/* Begin PBXResourcesBuildPhase section */
		0DACD6D1286304CA00008C6E /* Resources */ = {
			isa = PBXResourcesBuildPhase;
			buildActionMask = 2147483647;
			files = (
				0DACD6E3286304CB00008C6E /* LaunchScreen.storyboard in Resources */,
				0DACD6E0286304CB00008C6E /* Assets.xcassets in Resources */,
				0DACD6DE286304CA00008C6E /* Main.storyboard in Resources */,
				0DACD70E2863071B00008C6E /* AuthView.storyboard in Resources */,
			);
			runOnlyForDeploymentPostprocessing = 0;
		};
		0DACD6E7286304CB00008C6E /* Resources */ = {
			isa = PBXResourcesBuildPhase;
			buildActionMask = 2147483647;
			files = (
			);
			runOnlyForDeploymentPostprocessing = 0;
		};
		0DACD6F1286304CB00008C6E /* Resources */ = {
			isa = PBXResourcesBuildPhase;
			buildActionMask = 2147483647;
			files = (
			);
			runOnlyForDeploymentPostprocessing = 0;
		};
/* End PBXResourcesBuildPhase section */

/* Begin PBXSourcesBuildPhase section */
		0DACD6CF286304CA00008C6E /* Sources */ = {
			isa = PBXSourcesBuildPhase;
			buildActionMask = 2147483647;
			files = (
				0DACD707286306BB00008C6E /* ServerModel.swift in Sources */,
				0DACD6DB286304CA00008C6E /* ViewController.swift in Sources */,
				0DACD7102863081400008C6E /* SignInViewController.swift in Sources */,
				0DACD6D7286304CA00008C6E /* AppDelegate.swift in Sources */,
				0DACD6D9286304CA00008C6E /* SceneDelegate.swift in Sources */,
				0DACD70B2863070500008C6E /* SignUpViewController.swift in Sources */,
			);
			runOnlyForDeploymentPostprocessing = 0;
		};
		0DACD6E5286304CB00008C6E /* Sources */ = {
			isa = PBXSourcesBuildPhase;
			buildActionMask = 2147483647;
			files = (
				0DACD6EE286304CB00008C6E /* AnthillTests.swift in Sources */,
			);
			runOnlyForDeploymentPostprocessing = 0;
		};
		0DACD6EF286304CB00008C6E /* Sources */ = {
			isa = PBXSourcesBuildPhase;
			buildActionMask = 2147483647;
			files = (
				0DACD6F8286304CB00008C6E /* AnthillUITests.swift in Sources */,
				0DACD6FA286304CB00008C6E /* AnthillUITestsLaunchTests.swift in Sources */,
			);
			runOnlyForDeploymentPostprocessing = 0;
		};
/* End PBXSourcesBuildPhase section */

/* Begin PBXTargetDependency section */
		0DACD6EB286304CB00008C6E /* PBXTargetDependency */ = {
			isa = PBXTargetDependency;
			target = 0DACD6D2286304CA00008C6E /* Anthill */;
			targetProxy = 0DACD6EA286304CB00008C6E /* PBXContainerItemProxy */;
		};
		0DACD6F5286304CB00008C6E /* PBXTargetDependency */ = {
			isa = PBXTargetDependency;
			target = 0DACD6D2286304CA00008C6E /* Anthill */;
			targetProxy = 0DACD6F4286304CB00008C6E /* PBXContainerItemProxy */;
		};
/* End PBXTargetDependency section */

/* Begin PBXVariantGroup section */
		0DACD6DC286304CA00008C6E /* Main.storyboard */ = {
			isa = PBXVariantGroup;
			children = (
				0DACD6DD286304CA00008C6E /* Base */,
			);
			name = Main.storyboard;
			sourceTree = "<group>";
		};
		0DACD6E1286304CB00008C6E /* LaunchScreen.storyboard */ = {
			isa = PBXVariantGroup;
			children = (
				0DACD6E2286304CB00008C6E /* Base */,
			);
			name = LaunchScreen.storyboard;
			sourceTree = "<group>";
		};
/* End PBXVariantGroup section */

/* Begin XCBuildConfiguration section */
		0DACD6FB286304CB00008C6E /* Debug */ = {
			isa = XCBuildConfiguration;
			buildSettings = {
				ALWAYS_SEARCH_USER_PATHS = NO;
				CLANG_ANALYZER_NONNULL = YES;
				CLANG_ANALYZER_NUMBER_OBJECT_CONVERSION = YES_AGGRESSIVE;
				CLANG_CXX_LANGUAGE_STANDARD = "gnu++17";
				CLANG_ENABLE_MODULES = YES;
				CLANG_ENABLE_OBJC_ARC = YES;
				CLANG_ENABLE_OBJC_WEAK = YES;
				CLANG_WARN_BLOCK_CAPTURE_AUTORELEASING = YES;
				CLANG_WARN_BOOL_CONVERSION = YES;
				CLANG_WARN_COMMA = YES;
				CLANG_WARN_CONSTANT_CONVERSION = YES;
				CLANG_WARN_DEPRECATED_OBJC_IMPLEMENTATIONS = YES;
				CLANG_WARN_DIRECT_OBJC_ISA_USAGE = YES_ERROR;
				CLANG_WARN_DOCUMENTATION_COMMENTS = YES;
				CLANG_WARN_EMPTY_BODY = YES;
				CLANG_WARN_ENUM_CONVERSION = YES;
				CLANG_WARN_INFINITE_RECURSION = YES;
				CLANG_WARN_INT_CONVERSION = YES;
				CLANG_WARN_NON_LITERAL_NULL_CONVERSION = YES;
				CLANG_WARN_OBJC_IMPLICIT_RETAIN_SELF = YES;
				CLANG_WARN_OBJC_LITERAL_CONVERSION = YES;
				CLANG_WARN_OBJC_ROOT_CLASS = YES_ERROR;
				CLANG_WARN_QUOTED_INCLUDE_IN_FRAMEWORK_HEADER = YES;
				CLANG_WARN_RANGE_LOOP_ANALYSIS = YES;
				CLANG_WARN_STRICT_PROTOTYPES = YES;
				CLANG_WARN_SUSPICIOUS_MOVE = YES;
				CLANG_WARN_UNGUARDED_AVAILABILITY = YES_AGGRESSIVE;
				CLANG_WARN_UNREACHABLE_CODE = YES;
				CLANG_WARN__DUPLICATE_METHOD_MATCH = YES;
				COPY_PHASE_STRIP = NO;
				DEBUG_INFORMATION_FORMAT = dwarf;
				ENABLE_STRICT_OBJC_MSGSEND = YES;
				ENABLE_TESTABILITY = YES;
				GCC_C_LANGUAGE_STANDARD = gnu11;
				GCC_DYNAMIC_NO_PIC = NO;
				GCC_NO_COMMON_BLOCKS = YES;
				GCC_OPTIMIZATION_LEVEL = 0;
				GCC_PREPROCESSOR_DEFINITIONS = (
					"DEBUG=1",
					"$(inherited)",
				);
				GCC_WARN_64_TO_32_BIT_CONVERSION = YES;
				GCC_WARN_ABOUT_RETURN_TYPE = YES_ERROR;
				GCC_WARN_UNDECLARED_SELECTOR = YES;
				GCC_WARN_UNINITIALIZED_AUTOS = YES_AGGRESSIVE;
				GCC_WARN_UNUSED_FUNCTION = YES;
				GCC_WARN_UNUSED_VARIABLE = YES;
				IPHONEOS_DEPLOYMENT_TARGET = 15.4;
				MTL_ENABLE_DEBUG_INFO = INCLUDE_SOURCE;
				MTL_FAST_MATH = YES;
				ONLY_ACTIVE_ARCH = YES;
				SDKROOT = iphoneos;
				SWIFT_ACTIVE_COMPILATION_CONDITIONS = DEBUG;
				SWIFT_OPTIMIZATION_LEVEL = "-Onone";
			};
			name = Debug;
		};
		0DACD6FC286304CB00008C6E /* Release */ = {
			isa = XCBuildConfiguration;
			buildSettings = {
				ALWAYS_SEARCH_USER_PATHS = NO;
				CLANG_ANALYZER_NONNULL = YES;
				CLANG_ANALYZER_NUMBER_OBJECT_CONVERSION = YES_AGGRESSIVE;
				CLANG_CXX_LANGUAGE_STANDARD = "gnu++17";
				CLANG_ENABLE_MODULES = YES;
				CLANG_ENABLE_OBJC_ARC = YES;
				CLANG_ENABLE_OBJC_WEAK = YES;
				CLANG_WARN_BLOCK_CAPTURE_AUTORELEASING = YES;
				CLANG_WARN_BOOL_CONVERSION = YES;
				CLANG_WARN_COMMA = YES;
				CLANG_WARN_CONSTANT_CONVERSION = YES;
				CLANG_WARN_DEPRECATED_OBJC_IMPLEMENTATIONS = YES;
				CLANG_WARN_DIRECT_OBJC_ISA_USAGE = YES_ERROR;
				CLANG_WARN_DOCUMENTATION_COMMENTS = YES;
				CLANG_WARN_EMPTY_BODY = YES;
				CLANG_WARN_ENUM_CONVERSION = YES;
				CLANG_WARN_INFINITE_RECURSION = YES;
				CLANG_WARN_INT_CONVERSION = YES;
				CLANG_WARN_NON_LITERAL_NULL_CONVERSION = YES;
				CLANG_WARN_OBJC_IMPLICIT_RETAIN_SELF = YES;
				CLANG_WARN_OBJC_LITERAL_CONVERSION = YES;
				CLANG_WARN_OBJC_ROOT_CLASS = YES_ERROR;
				CLANG_WARN_QUOTED_INCLUDE_IN_FRAMEWORK_HEADER = YES;
				CLANG_WARN_RANGE_LOOP_ANALYSIS = YES;
				CLANG_WARN_STRICT_PROTOTYPES = YES;
				CLANG_WARN_SUSPICIOUS_MOVE = YES;
				CLANG_WARN_UNGUARDED_AVAILABILITY = YES_AGGRESSIVE;
				CLANG_WARN_UNREACHABLE_CODE = YES;
				CLANG_WARN__DUPLICATE_METHOD_MATCH = YES;
				COPY_PHASE_STRIP = NO;
				DEBUG_INFORMATION_FORMAT = "dwarf-with-dsym";
				ENABLE_NS_ASSERTIONS = NO;
				ENABLE_STRICT_OBJC_MSGSEND = YES;
				GCC_C_LANGUAGE_STANDARD = gnu11;
				GCC_NO_COMMON_BLOCKS = YES;
				GCC_WARN_64_TO_32_BIT_CONVERSION = YES;
				GCC_WARN_ABOUT_RETURN_TYPE = YES_ERROR;
				GCC_WARN_UNDECLARED_SELECTOR = YES;
				GCC_WARN_UNINITIALIZED_AUTOS = YES_AGGRESSIVE;
				GCC_WARN_UNUSED_FUNCTION = YES;
				GCC_WARN_UNUSED_VARIABLE = YES;
				IPHONEOS_DEPLOYMENT_TARGET = 15.4;
				MTL_ENABLE_DEBUG_INFO = NO;
				MTL_FAST_MATH = YES;
				SDKROOT = iphoneos;
				SWIFT_COMPILATION_MODE = wholemodule;
				SWIFT_OPTIMIZATION_LEVEL = "-O";
				VALIDATE_PRODUCT = YES;
			};
			name = Release;
		};
		0DACD6FE286304CB00008C6E /* Debug */ = {
			isa = XCBuildConfiguration;
			buildSettings = {
				ASSETCATALOG_COMPILER_APPICON_NAME = AppIcon;
				ASSETCATALOG_COMPILER_GLOBAL_ACCENT_COLOR_NAME = AccentColor;
				CODE_SIGN_STYLE = Automatic;
				CURRENT_PROJECT_VERSION = 1;
				DEVELOPMENT_TEAM = 4G6ZD4247R;
				GENERATE_INFOPLIST_FILE = YES;
				INFOPLIST_FILE = Anthill/Info.plist;
				INFOPLIST_KEY_UIApplicationSupportsIndirectInputEvents = YES;
				INFOPLIST_KEY_UILaunchStoryboardName = LaunchScreen;
				INFOPLIST_KEY_UIMainStoryboardFile = Main;
				INFOPLIST_KEY_UISupportedInterfaceOrientations_iPad = "UIInterfaceOrientationPortrait UIInterfaceOrientationPortraitUpsideDown UIInterfaceOrientationLandscapeLeft UIInterfaceOrientationLandscapeRight";
				INFOPLIST_KEY_UISupportedInterfaceOrientations_iPhone = "UIInterfaceOrientationPortrait UIInterfaceOrientationLandscapeLeft UIInterfaceOrientationLandscapeRight";
				LD_RUNPATH_SEARCH_PATHS = (
					"$(inherited)",
					"@executable_path/Frameworks",
				);
				MARKETING_VERSION = 1.0;
				PRODUCT_BUNDLE_IDENTIFIER = com.trumanfromkorea.Anthill;
				PRODUCT_NAME = "$(TARGET_NAME)";
				SWIFT_EMIT_LOC_STRINGS = YES;
				SWIFT_VERSION = 5.0;
				TARGETED_DEVICE_FAMILY = "1,2";
			};
			name = Debug;
		};
		0DACD6FF286304CB00008C6E /* Release */ = {
			isa = XCBuildConfiguration;
			buildSettings = {
				ASSETCATALOG_COMPILER_APPICON_NAME = AppIcon;
				ASSETCATALOG_COMPILER_GLOBAL_ACCENT_COLOR_NAME = AccentColor;
				CODE_SIGN_STYLE = Automatic;
				CURRENT_PROJECT_VERSION = 1;
				DEVELOPMENT_TEAM = 4G6ZD4247R;
				GENERATE_INFOPLIST_FILE = YES;
				INFOPLIST_FILE = Anthill/Info.plist;
				INFOPLIST_KEY_UIApplicationSupportsIndirectInputEvents = YES;
				INFOPLIST_KEY_UILaunchStoryboardName = LaunchScreen;
				INFOPLIST_KEY_UIMainStoryboardFile = Main;
				INFOPLIST_KEY_UISupportedInterfaceOrientations_iPad = "UIInterfaceOrientationPortrait UIInterfaceOrientationPortraitUpsideDown UIInterfaceOrientationLandscapeLeft UIInterfaceOrientationLandscapeRight";
				INFOPLIST_KEY_UISupportedInterfaceOrientations_iPhone = "UIInterfaceOrientationPortrait UIInterfaceOrientationLandscapeLeft UIInterfaceOrientationLandscapeRight";
				LD_RUNPATH_SEARCH_PATHS = (
					"$(inherited)",
					"@executable_path/Frameworks",
				);
				MARKETING_VERSION = 1.0;
				PRODUCT_BUNDLE_IDENTIFIER = com.trumanfromkorea.Anthill;
				PRODUCT_NAME = "$(TARGET_NAME)";
				SWIFT_EMIT_LOC_STRINGS = YES;
				SWIFT_VERSION = 5.0;
				TARGETED_DEVICE_FAMILY = "1,2";
			};
			name = Release;
		};
		0DACD701286304CB00008C6E /* Debug */ = {
			isa = XCBuildConfiguration;
			buildSettings = {
				ALWAYS_EMBED_SWIFT_STANDARD_LIBRARIES = YES;
				BUNDLE_LOADER = "$(TEST_HOST)";
				CODE_SIGN_STYLE = Automatic;
				CURRENT_PROJECT_VERSION = 1;
				DEVELOPMENT_TEAM = 4G6ZD4247R;
				GENERATE_INFOPLIST_FILE = YES;
				IPHONEOS_DEPLOYMENT_TARGET = 15.4;
				MARKETING_VERSION = 1.0;
				PRODUCT_BUNDLE_IDENTIFIER = com.trumanfromkorea.AnthillTests;
				PRODUCT_NAME = "$(TARGET_NAME)";
				SWIFT_EMIT_LOC_STRINGS = NO;
				SWIFT_VERSION = 5.0;
				TARGETED_DEVICE_FAMILY = "1,2";
				TEST_HOST = "$(BUILT_PRODUCTS_DIR)/Anthill.app/Anthill";
			};
			name = Debug;
		};
		0DACD702286304CB00008C6E /* Release */ = {
			isa = XCBuildConfiguration;
			buildSettings = {
				ALWAYS_EMBED_SWIFT_STANDARD_LIBRARIES = YES;
				BUNDLE_LOADER = "$(TEST_HOST)";
				CODE_SIGN_STYLE = Automatic;
				CURRENT_PROJECT_VERSION = 1;
				DEVELOPMENT_TEAM = 4G6ZD4247R;
				GENERATE_INFOPLIST_FILE = YES;
				IPHONEOS_DEPLOYMENT_TARGET = 15.4;
				MARKETING_VERSION = 1.0;
				PRODUCT_BUNDLE_IDENTIFIER = com.trumanfromkorea.AnthillTests;
				PRODUCT_NAME = "$(TARGET_NAME)";
				SWIFT_EMIT_LOC_STRINGS = NO;
				SWIFT_VERSION = 5.0;
				TARGETED_DEVICE_FAMILY = "1,2";
				TEST_HOST = "$(BUILT_PRODUCTS_DIR)/Anthill.app/Anthill";
			};
			name = Release;
		};
		0DACD704286304CB00008C6E /* Debug */ = {
			isa = XCBuildConfiguration;
			buildSettings = {
				ALWAYS_EMBED_SWIFT_STANDARD_LIBRARIES = YES;
				CODE_SIGN_STYLE = Automatic;
				CURRENT_PROJECT_VERSION = 1;
				DEVELOPMENT_TEAM = 4G6ZD4247R;
				GENERATE_INFOPLIST_FILE = YES;
				MARKETING_VERSION = 1.0;
				PRODUCT_BUNDLE_IDENTIFIER = com.trumanfromkorea.AnthillUITests;
				PRODUCT_NAME = "$(TARGET_NAME)";
				SWIFT_EMIT_LOC_STRINGS = NO;
				SWIFT_VERSION = 5.0;
				TARGETED_DEVICE_FAMILY = "1,2";
				TEST_TARGET_NAME = Anthill;
			};
			name = Debug;
		};
		0DACD705286304CB00008C6E /* Release */ = {
			isa = XCBuildConfiguration;
			buildSettings = {
				ALWAYS_EMBED_SWIFT_STANDARD_LIBRARIES = YES;
				CODE_SIGN_STYLE = Automatic;
				CURRENT_PROJECT_VERSION = 1;
				DEVELOPMENT_TEAM = 4G6ZD4247R;
				GENERATE_INFOPLIST_FILE = YES;
				MARKETING_VERSION = 1.0;
				PRODUCT_BUNDLE_IDENTIFIER = com.trumanfromkorea.AnthillUITests;
				PRODUCT_NAME = "$(TARGET_NAME)";
				SWIFT_EMIT_LOC_STRINGS = NO;
				SWIFT_VERSION = 5.0;
				TARGETED_DEVICE_FAMILY = "1,2";
				TEST_TARGET_NAME = Anthill;
			};
			name = Release;
		};
/* End XCBuildConfiguration section */

/* Begin XCConfigurationList section */
		0DACD6CE286304CA00008C6E /* Build configuration list for PBXProject "Anthill" */ = {
			isa = XCConfigurationList;
			buildConfigurations = (
				0DACD6FB286304CB00008C6E /* Debug */,
				0DACD6FC286304CB00008C6E /* Release */,
			);
			defaultConfigurationIsVisible = 0;
			defaultConfigurationName = Release;
		};
		0DACD6FD286304CB00008C6E /* Build configuration list for PBXNativeTarget "Anthill" */ = {
			isa = XCConfigurationList;
			buildConfigurations = (
				0DACD6FE286304CB00008C6E /* Debug */,
				0DACD6FF286304CB00008C6E /* Release */,
			);
			defaultConfigurationIsVisible = 0;
			defaultConfigurationName = Release;
		};
		0DACD700286304CB00008C6E /* Build configuration list for PBXNativeTarget "AnthillTests" */ = {
			isa = XCConfigurationList;
			buildConfigurations = (
				0DACD701286304CB00008C6E /* Debug */,
				0DACD702286304CB00008C6E /* Release */,
			);
			defaultConfigurationIsVisible = 0;
			defaultConfigurationName = Release;
		};
		0DACD703286304CB00008C6E /* Build configuration list for PBXNativeTarget "AnthillUITests" */ = {
			isa = XCConfigurationList;
			buildConfigurations = (
				0DACD704286304CB00008C6E /* Debug */,
				0DACD705286304CB00008C6E /* Release */,
			);
			defaultConfigurationIsVisible = 0;
			defaultConfigurationName = Release;
		};
/* End XCConfigurationList section */
	};
	rootObject = 0DACD6CB286304CA00008C6E /* Project object */;
}
